
Microsoft Visual Studio Solution File, Format Version 12.00
# Visual Studio Version 16
VisualStudioVersion = 16.0.33130.400
MinimumVisualStudioVersion = 10.0.40219.1
Project("{FAE04EC0-301F-11D3-BF4B-00C04F79EFBC}") = "Entities", "Entities\Entities.csproj", "{6CFC5102-477F-4821-8D98-4371F086054F}"
EndProject
Project("{FAE04EC0-301F-11D3-BF4B-00C04F79EFBC}") = "DataAccess", "DataAccess\DataAccess.csproj", "{BAA1086D-5F97-459C-9857-DFB19193092D}"
EndProject
Project("{FAE04EC0-301F-11D3-BF4B-00C04F79EFBC}") = "Business", "Business\Business.csproj", "{84C42EBE-D6C8-4F3F-96D9-0DC6E0C17182}"
EndProject
Project("{FAE04EC0-301F-11D3-BF4B-00C04F79EFBC}") = "ConsoleUI", "ConsoleUI\ConsoleUI.csproj", "{F6211527-2584-4178-B330-F605EFB2D651}"
EndProject
Global
	GlobalSection(SolutionConfigurationPlatforms) = preSolution
		Debug|Any CPU = Debug|Any CPU
		Release|Any CPU = Release|Any CPU
	EndGlobalSection
	GlobalSection(ProjectConfigurationPlatforms) = postSolution
		{6CFC5102-477F-4821-8D98-4371F086054F}.Debug|Any CPU.ActiveCfg = Debug|Any CPU
		{6CFC5102-477F-4821-8D98-4371F086054F}.Debug|Any CPU.Build.0 = Debug|Any CPU
		{6CFC5102-477F-4821-8D98-4371F086054F}.Release|Any CPU.ActiveCfg = Release|Any CPU
		{6CFC5102-477F-4821-8D98-4371F086054F}.Release|Any CPU.Build.0 = Release|Any CPU
		{BAA1086D-5F97-459C-9857-DFB19193092D}.Debug|Any CPU.ActiveCfg = Debug|Any CPU
		{BAA1086D-5F97-459C-9857-DFB19193092D}.Debug|Any CPU.Build.0 = Debug|Any CPU
		{BAA1086D-5F97-459C-9857-DFB19193092D}.Release|Any CPU.ActiveCfg = Release|Any CPU
		{BAA1086D-5F97-459C-9857-DFB19193092D}.Release|Any CPU.Build.0 = Release|Any CPU
		{84C42EBE-D6C8-4F3F-96D9-0DC6E0C17182}.Debug|Any CPU.ActiveCfg = Debug|Any CPU
		{84C42EBE-D6C8-4F3F-96D9-0DC6E0C17182}.Debug|Any CPU.Build.0 = Debug|Any CPU
		{84C42EBE-D6C8-4F3F-96D9-0DC6E0C17182}.Release|Any CPU.ActiveCfg = Release|Any CPU
		{84C42EBE-D6C8-4F3F-96D9-0DC6E0C17182}.Release|Any CPU.Build.0 = Release|Any CPU
		{F6211527-2584-4178-B330-F605EFB2D651}.Debug|Any CPU.ActiveCfg = Debug|Any CPU
		{F6211527-2584-4178-B330-F605EFB2D651}.Debug|Any CPU.Build.0 = Debug|Any CPU
		{F6211527-2584-4178-B330-F605EFB2D651}.Release|Any CPU.ActiveCfg = Release|Any CPU
		{F6211527-2584-4178-B330-F605EFB2D651}.Release|Any CPU.Build.0 = Release|Any CPU
	EndGlobalSection
	GlobalSection(SolutionProperties) = preSolution
		HideSolutionNode = FALSE
	EndGlobalSection
	GlobalSection(ExtensibilityGlobals) = postSolution
		SolutionGuid = {794C7B04-0794-4892-82D5-09A48A185CFF}
	EndGlobalSection
EndGlobal
